
Microsoft Visual Studio Solution File, Format Version 12.00
# Visual Studio 14
VisualStudioVersion = 14.0.24720.0
MinimumVisualStudioVersion = 10.0.40219.1
Project("{FAE04EC0-301F-11D3-BF4B-00C04F79EFBC}") = "TodoList.Server.API", "TodoListService\TodoList.Server.API.csproj", "{047CDEF7-D5BA-4B1E-9748-910B610CCA51}"
EndProject
Project("{FAE04EC0-301F-11D3-BF4B-00C04F79EFBC}") = "TodoList.Client.WebApp", "TodoListWebApp\TodoList.Client.WebApp.csproj", "{A5136583-54BF-4AD5-B7C6-2C7AE6D202B3}"
EndProject
Project("{2150E333-8FDC-42A3-9474-1A3956D46DE8}") = "Doc", "Doc", "{0500F67A-B4B6-4BF0-AF39-358CB6B0B06A}"
	ProjectSection(SolutionItems) = preProject
		Architecture.png = Architecture.png
		Architecture.vsdx = Architecture.vsdx
		Azure AD Sample.txt = Azure AD Sample.txt
		Doc\AzureADFSScenarios.pptx = Doc\AzureADFSScenarios.pptx
		AzureADSamples_WebApp-WebAPI-OAuth2-AppIdentity-DotNet · GitHub.pdf = AzureADSamples_WebApp-WebAPI-OAuth2-AppIdentity-DotNet · GitHub.pdf
		Doc\AzureAppService_Architektur.pptx = Doc\AzureAppService_Architektur.pptx
		LICENSE = LICENSE
		README.md = README.md
		..\White_Board_sec_konzept_15_09_2015.jpg = ..\White_Board_sec_konzept_15_09_2015.jpg
	EndProjectSection
EndProject
Project("{FAE04EC0-301F-11D3-BF4B-00C04F79EFBC}") = "ToDoList.Server.Cloud.AuthService", "AuthService\ToDoList.Server.Cloud.AuthService.csproj", "{40E2774A-DF1E-4E3B-ABE0-88B7DD4B01E2}"
EndProject
Project("{2150E333-8FDC-42A3-9474-1A3956D46DE8}") = ".nuget", ".nuget", "{48B8B773-FFF1-4B04-97FC-5A39E521AB78}"
	ProjectSection(SolutionItems) = preProject
		.nuget\NuGet.Config = .nuget\NuGet.Config
		.nuget\NuGet.exe = .nuget\NuGet.exe
		.nuget\NuGet.targets = .nuget\NuGet.targets
	EndProjectSection
EndProject
Project("{FAE04EC0-301F-11D3-BF4B-00C04F79EFBC}") = "TodoList.Server.WcfService", "TodoListWcfService\TodoList.Server.WcfService.csproj", "{CD04622F-F634-45AB-AC02-41EB528C156A}"
EndProject
Project("{FAE04EC0-301F-11D3-BF4B-00C04F79EFBC}") = "ToDoList.Client.Rich", "ToDoListRichClient\ToDoList.Client.Rich.csproj", "{43A0323D-9FA3-4A96-95EE-9EA485C44140}"
	ProjectSection(ProjectDependencies) = postProject
		{CD04622F-F634-45AB-AC02-41EB528C156A} = {CD04622F-F634-45AB-AC02-41EB528C156A}
	EndProjectSection
EndProject
Project("{FAE04EC0-301F-11D3-BF4B-00C04F79EFBC}") = "ToDoList.Client.Common", "ToDoList.Client.Common\ToDoList.Client.Common.csproj", "{4B2ECDC1-DF29-4323-856A-10F0B02ACF1C}"
EndProject
Project("{FAE04EC0-301F-11D3-BF4B-00C04F79EFBC}") = "ToDoList.Server.Common", "ToDoList.Server.Common\ToDoList.Server.Common.csproj", "{9F436639-E108-4C8F-A992-9598DA9AE353}"
EndProject
Project("{FAE04EC0-301F-11D3-BF4B-00C04F79EFBC}") = "ToDoList.Server.Test", "ToDoList.Server.Test\ToDoList.Server.Test.csproj", "{2C6D1CF2-B7D0-4B32-928C-7743BD6E54EB}"
EndProject
Project("{FAE04EC0-301F-11D3-BF4B-00C04F79EFBC}") = "ToDoList.Common", "ToDoList.Common\ToDoList.Common.csproj", "{4BC27C26-CC47-4A18-94E9-F1FFCFCB2E5F}"
EndProject
Project("{FAE04EC0-301F-11D3-BF4B-00C04F79EFBC}") = "ToDoList.Server.SelfHostWebApi.Test", "ToDoList.SelfHostWebApiTest\ToDoList.Server.SelfHostWebApi.Test.csproj", "{6D5458B6-C1A4-4B71-85FF-2AC3EB3D9918}"
EndProject
Project("{FAE04EC0-301F-11D3-BF4B-00C04F79EFBC}") = "ToDoList.Server.Auth.ConsoleTestApp", "ToDoList.ConsoleTestApp\ToDoList.Server.Auth.ConsoleTestApp.csproj", "{638B283F-7B41-4549-BAF5-D87FEF81ED98}"
EndProject
Project("{FAE04EC0-301F-11D3-BF4B-00C04F79EFBC}") = "ToDoList.Data", "ToDoList.Data\ToDoList.Data.csproj", "{1BAFA97D-6509-40D2-9E91-169C86DF5B01}"
EndProject
Project("{FAE04EC0-301F-11D3-BF4B-00C04F79EFBC}") = "ToDoList.Data.EF", "ToDoList.Data.EF\ToDoList.Data.EF.csproj", "{3895F00C-70E4-4190-985D-9EF5698076B7}"
EndProject
Project("{FAE04EC0-301F-11D3-BF4B-00C04F79EFBC}") = "MultipleADFSDemo", "..\..\..\..\Projects\GitRepo\multiple-adfs-owin-katana\MultipleADFSDemo\MultipleADFSDemo.csproj", "{8450F70A-FBED-45BC-BF49-2F04DE4BF670}"
EndProject
Project("{FAE04EC0-301F-11D3-BF4B-00C04F79EFBC}") = "SampleCode.OwinMiddleware", "..\..\..\..\Projects\GitRepo\Owin_Midleware\OwinMiddleware\ScottBrady91.BlogExampleCode.OwinMiddleware\SampleCode.OwinMiddleware.csproj", "{59B79A61-DFD9-4FD5-B405-AFCFF4F88D85}"
EndProject
Global
	GlobalSection(SolutionConfigurationPlatforms) = preSolution
		Debug|Any CPU = Debug|Any CPU
		Release|Any CPU = Release|Any CPU
	EndGlobalSection
	GlobalSection(ProjectConfigurationPlatforms) = postSolution
		{047CDEF7-D5BA-4B1E-9748-910B610CCA51}.Debug|Any CPU.ActiveCfg = Debug|Any CPU
		{047CDEF7-D5BA-4B1E-9748-910B610CCA51}.Debug|Any CPU.Build.0 = Debug|Any CPU
		{047CDEF7-D5BA-4B1E-9748-910B610CCA51}.Release|Any CPU.ActiveCfg = Release|Any CPU
		{047CDEF7-D5BA-4B1E-9748-910B610CCA51}.Release|Any CPU.Build.0 = Release|Any CPU
		{A5136583-54BF-4AD5-B7C6-2C7AE6D202B3}.Debug|Any CPU.ActiveCfg = Debug|Any CPU
		{A5136583-54BF-4AD5-B7C6-2C7AE6D202B3}.Debug|Any CPU.Build.0 = Debug|Any CPU
		{A5136583-54BF-4AD5-B7C6-2C7AE6D202B3}.Release|Any CPU.ActiveCfg = Release|Any CPU
		{A5136583-54BF-4AD5-B7C6-2C7AE6D202B3}.Release|Any CPU.Build.0 = Release|Any CPU
		{40E2774A-DF1E-4E3B-ABE0-88B7DD4B01E2}.Debug|Any CPU.ActiveCfg = Debug|Any CPU
		{40E2774A-DF1E-4E3B-ABE0-88B7DD4B01E2}.Debug|Any CPU.Build.0 = Debug|Any CPU
		{40E2774A-DF1E-4E3B-ABE0-88B7DD4B01E2}.Release|Any CPU.ActiveCfg = Release|Any CPU
		{40E2774A-DF1E-4E3B-ABE0-88B7DD4B01E2}.Release|Any CPU.Build.0 = Release|Any CPU
		{CD04622F-F634-45AB-AC02-41EB528C156A}.Debug|Any CPU.ActiveCfg = Debug|Any CPU
		{CD04622F-F634-45AB-AC02-41EB528C156A}.Debug|Any CPU.Build.0 = Debug|Any CPU
		{CD04622F-F634-45AB-AC02-41EB528C156A}.Release|Any CPU.ActiveCfg = Release|Any CPU
		{CD04622F-F634-45AB-AC02-41EB528C156A}.Release|Any CPU.Build.0 = Release|Any CPU
		{43A0323D-9FA3-4A96-95EE-9EA485C44140}.Debug|Any CPU.ActiveCfg = Debug|Any CPU
		{43A0323D-9FA3-4A96-95EE-9EA485C44140}.Debug|Any CPU.Build.0 = Debug|Any CPU
		{43A0323D-9FA3-4A96-95EE-9EA485C44140}.Release|Any CPU.ActiveCfg = Release|Any CPU
		{43A0323D-9FA3-4A96-95EE-9EA485C44140}.Release|Any CPU.Build.0 = Release|Any CPU
		{4B2ECDC1-DF29-4323-856A-10F0B02ACF1C}.Debug|Any CPU.ActiveCfg = Debug|Any CPU
		{4B2ECDC1-DF29-4323-856A-10F0B02ACF1C}.Debug|Any CPU.Build.0 = Debug|Any CPU
		{4B2ECDC1-DF29-4323-856A-10F0B02ACF1C}.Release|Any CPU.ActiveCfg = Release|Any CPU
		{4B2ECDC1-DF29-4323-856A-10F0B02ACF1C}.Release|Any CPU.Build.0 = Release|Any CPU
		{9F436639-E108-4C8F-A992-9598DA9AE353}.Debug|Any CPU.ActiveCfg = Debug|Any CPU
		{9F436639-E108-4C8F-A992-9598DA9AE353}.Debug|Any CPU.Build.0 = Debug|Any CPU
		{9F436639-E108-4C8F-A992-9598DA9AE353}.Release|Any CPU.ActiveCfg = Release|Any CPU
		{9F436639-E108-4C8F-A992-9598DA9AE353}.Release|Any CPU.Build.0 = Release|Any CPU
		{2C6D1CF2-B7D0-4B32-928C-7743BD6E54EB}.Debug|Any CPU.ActiveCfg = Debug|Any CPU
		{2C6D1CF2-B7D0-4B32-928C-7743BD6E54EB}.Debug|Any CPU.Build.0 = Debug|Any CPU
		{2C6D1CF2-B7D0-4B32-928C-7743BD6E54EB}.Release|Any CPU.ActiveCfg = Release|Any CPU
		{2C6D1CF2-B7D0-4B32-928C-7743BD6E54EB}.Release|Any CPU.Build.0 = Release|Any CPU
		{4BC27C26-CC47-4A18-94E9-F1FFCFCB2E5F}.Debug|Any CPU.ActiveCfg = Debug|Any CPU
		{4BC27C26-CC47-4A18-94E9-F1FFCFCB2E5F}.Debug|Any CPU.Build.0 = Debug|Any CPU
		{4BC27C26-CC47-4A18-94E9-F1FFCFCB2E5F}.Release|Any CPU.ActiveCfg = Release|Any CPU
		{4BC27C26-CC47-4A18-94E9-F1FFCFCB2E5F}.Release|Any CPU.Build.0 = Release|Any CPU
		{6D5458B6-C1A4-4B71-85FF-2AC3EB3D9918}.Debug|Any CPU.ActiveCfg = Debug|Any CPU
		{6D5458B6-C1A4-4B71-85FF-2AC3EB3D9918}.Debug|Any CPU.Build.0 = Debug|Any CPU
		{6D5458B6-C1A4-4B71-85FF-2AC3EB3D9918}.Release|Any CPU.ActiveCfg = Release|Any CPU
		{6D5458B6-C1A4-4B71-85FF-2AC3EB3D9918}.Release|Any CPU.Build.0 = Release|Any CPU
		{638B283F-7B41-4549-BAF5-D87FEF81ED98}.Debug|Any CPU.ActiveCfg = Debug|Any CPU
		{638B283F-7B41-4549-BAF5-D87FEF81ED98}.Debug|Any CPU.Build.0 = Debug|Any CPU
		{638B283F-7B41-4549-BAF5-D87FEF81ED98}.Release|Any CPU.ActiveCfg = Release|Any CPU
		{638B283F-7B41-4549-BAF5-D87FEF81ED98}.Release|Any CPU.Build.0 = Release|Any CPU
		{1BAFA97D-6509-40D2-9E91-169C86DF5B01}.Debug|Any CPU.ActiveCfg = Debug|Any CPU
		{1BAFA97D-6509-40D2-9E91-169C86DF5B01}.Debug|Any CPU.Build.0 = Debug|Any CPU
		{1BAFA97D-6509-40D2-9E91-169C86DF5B01}.Release|Any CPU.ActiveCfg = Release|Any CPU
		{1BAFA97D-6509-40D2-9E91-169C86DF5B01}.Release|Any CPU.Build.0 = Release|Any CPU
		{3895F00C-70E4-4190-985D-9EF5698076B7}.Debug|Any CPU.ActiveCfg = Debug|Any CPU
		{3895F00C-70E4-4190-985D-9EF5698076B7}.Debug|Any CPU.Build.0 = Debug|Any CPU
		{3895F00C-70E4-4190-985D-9EF5698076B7}.Release|Any CPU.ActiveCfg = Release|Any CPU
		{3895F00C-70E4-4190-985D-9EF5698076B7}.Release|Any CPU.Build.0 = Release|Any CPU
		{8450F70A-FBED-45BC-BF49-2F04DE4BF670}.Debug|Any CPU.ActiveCfg = Debug|Any CPU
		{8450F70A-FBED-45BC-BF49-2F04DE4BF670}.Debug|Any CPU.Build.0 = Debug|Any CPU
		{8450F70A-FBED-45BC-BF49-2F04DE4BF670}.Release|Any CPU.ActiveCfg = Release|Any CPU
		{8450F70A-FBED-45BC-BF49-2F04DE4BF670}.Release|Any CPU.Build.0 = Release|Any CPU
		{59B79A61-DFD9-4FD5-B405-AFCFF4F88D85}.Debug|Any CPU.ActiveCfg = Debug|Any CPU
		{59B79A61-DFD9-4FD5-B405-AFCFF4F88D85}.Debug|Any CPU.Build.0 = Debug|Any CPU
		{59B79A61-DFD9-4FD5-B405-AFCFF4F88D85}.Release|Any CPU.ActiveCfg = Release|Any CPU
		{59B79A61-DFD9-4FD5-B405-AFCFF4F88D85}.Release|Any CPU.Build.0 = Release|Any CPU
	EndGlobalSection
	GlobalSection(SolutionProperties) = preSolution
		HideSolutionNode = FALSE
	EndGlobalSection
	GlobalSection(TeamFoundationVersionControl) = preSolution
		SccNumberOfProjects = 14
		SccEnterpriseProvider = {4CA58AB2-18FA-4F8D-95D4-32DDF27D184C}
		SccTeamFoundationServer = https://fruts.visualstudio.com/defaultcollection
		SccLocalPath0 = .
		SccProjectUniqueName1 = ToDoList.Client.Common\\ToDoList.Client.Common.csproj
		SccProjectName1 = ToDoList.Client.Common
		SccLocalPath1 = ToDoList.Client.Common
		SccProjectUniqueName2 = ToDoList.Server.Common\\ToDoList.Server.Common.csproj
		SccProjectName2 = ToDoList.Server.Common
		SccLocalPath2 = ToDoList.Server.Common
		SccProjectUniqueName3 = TodoListWcfService\\TodoList.Server.WcfService.csproj
		SccProjectName3 = TodoListWcfService
		SccLocalPath3 = TodoListWcfService
		SccProjectUniqueName4 = ToDoList.Server.Test\\ToDoList.Server.Test.csproj
		SccProjectName4 = ToDoList.Server.Test
		SccLocalPath4 = ToDoList.Server.Test
		SccProjectUniqueName5 = ToDoList.Common\\ToDoList.Common.csproj
		SccProjectName5 = ToDoList.Common
		SccLocalPath5 = ToDoList.Common
		SccProjectUniqueName6 = TodoListWebApp\\TodoList.Client.WebApp.csproj
		SccProjectName6 = TodoListWebApp
		SccLocalPath6 = TodoListWebApp
		SccProjectUniqueName7 = AuthService\\ToDoList.Server.Cloud.AuthService.csproj
		SccProjectName7 = AuthService
		SccLocalPath7 = AuthService
		SccProjectUniqueName8 = ToDoList.ConsoleTestApp\\ToDoList.Server.Auth.ConsoleTestApp.csproj
		SccProjectName8 = ToDoList.ConsoleTestApp
		SccLocalPath8 = ToDoList.ConsoleTestApp
		SccProjectUniqueName9 = ToDoList.SelfHostWebApiTest\\ToDoList.Server.SelfHostWebApi.Test.csproj
		SccProjectName9 = ToDoList.SelfHostWebApiTest
		SccLocalPath9 = ToDoList.SelfHostWebApiTest
		SccProjectUniqueName10 = ToDoListRichClient\\ToDoList.Client.Rich.csproj
		SccProjectName10 = ToDoListRichClient
		SccLocalPath10 = ToDoListRichClient
		SccProjectUniqueName11 = ToDoList.Data\\ToDoList.Data.csproj
		SccProjectName11 = ToDoList.Data
		SccLocalPath11 = ToDoList.Data
		SccProjectUniqueName12 = TodoListService\\TodoList.Server.API.csproj
		SccProjectName12 = TodoListService
		SccLocalPath12 = TodoListService
		SccProjectUniqueName13 = ToDoList.Data.EF\\ToDoList.Data.EF.csproj
		SccProjectName13 = ToDoList.Data.EF
		SccLocalPath13 = ToDoList.Data.EF
	EndGlobalSection
EndGlobal
