
Microsoft Visual Studio Solution File, Format Version 12.00
# Visual Studio 14
VisualStudioVersion = 14.0.25123.0
MinimumVisualStudioVersion = 10.0.40219.1
Project("{FAE04EC0-301F-11D3-BF4B-00C04F79EFBC}") = "TodoList.Server.API", "TodoListService\TodoList.Server.API.csproj", "{047CDEF7-D5BA-4B1E-9748-910B610CCA51}"
EndProject
Project("{FAE04EC0-301F-11D3-BF4B-00C04F79EFBC}") = "TodoList.Client.WebApp", "TodoListWebApp\TodoList.Client.WebApp.csproj", "{A5136583-54BF-4AD5-B7C6-2C7AE6D202B3}"
EndProject
Project("{2150E333-8FDC-42A3-9474-1A3956D46DE8}") = "Doc", "Doc", "{0500F67A-B4B6-4BF0-AF39-358CB6B0B06A}"
	ProjectSection(SolutionItems) = preProject
		Architecture.png = Architecture.png
		Architecture.vsdx = Architecture.vsdx
		Azure AD Sample.txt = Azure AD Sample.txt
		Doc\AzureADFSScenarios.pptx = Doc\AzureADFSScenarios.pptx
		AzureADSamples_WebApp-WebAPI-OAuth2-AppIdentity-DotNet · GitHub.pdf = AzureADSamples_WebApp-WebAPI-OAuth2-AppIdentity-DotNet · GitHub.pdf
		Doc\AzureAppService_Architektur.pptx = Doc\AzureAppService_Architektur.pptx
		LICENSE = LICENSE
		README.md = README.md
		..\White_Board_sec_konzept_15_09_2015.jpg = ..\White_Board_sec_konzept_15_09_2015.jpg
	EndProjectSection
EndProject
Project("{FAE04EC0-301F-11D3-BF4B-00C04F79EFBC}") = "ToDoList.Server.Cloud.AuthService", "AuthService\ToDoList.Server.Cloud.AuthService.csproj", "{40E2774A-DF1E-4E3B-ABE0-88B7DD4B01E2}"
EndProject
Project("{2150E333-8FDC-42A3-9474-1A3956D46DE8}") = ".nuget", ".nuget", "{48B8B773-FFF1-4B04-97FC-5A39E521AB78}"
	ProjectSection(SolutionItems) = preProject
		.nuget\NuGet.Config = .nuget\NuGet.Config
		.nuget\NuGet.exe = .nuget\NuGet.exe
		.nuget\NuGet.targets = .nuget\NuGet.targets
	EndProjectSection
EndProject
Project("{FAE04EC0-301F-11D3-BF4B-00C04F79EFBC}") = "TodoList.Server.WcfService", "TodoListWcfService\TodoList.Server.WcfService.csproj", "{CD04622F-F634-45AB-AC02-41EB528C156A}"
EndProject
Project("{FAE04EC0-301F-11D3-BF4B-00C04F79EFBC}") = "ToDoList.Client.Rich", "ToDoListRichClient\ToDoList.Client.Rich.csproj", "{43A0323D-9FA3-4A96-95EE-9EA485C44140}"
	ProjectSection(ProjectDependencies) = postProject
		{CD04622F-F634-45AB-AC02-41EB528C156A} = {CD04622F-F634-45AB-AC02-41EB528C156A}
	EndProjectSection
EndProject
Project("{FAE04EC0-301F-11D3-BF4B-00C04F79EFBC}") = "ToDoList.Client.Common", "ToDoList.Client.Common\ToDoList.Client.Common.csproj", "{4B2ECDC1-DF29-4323-856A-10F0B02ACF1C}"
EndProject
Project("{FAE04EC0-301F-11D3-BF4B-00C04F79EFBC}") = "ToDoList.Server.Common", "ToDoList.Server.Common\ToDoList.Server.Common.csproj", "{9F436639-E108-4C8F-A992-9598DA9AE353}"
EndProject
Project("{FAE04EC0-301F-11D3-BF4B-00C04F79EFBC}") = "ToDoList.Server.Test", "ToDoList.Server.Test\ToDoList.Server.Test.csproj", "{2C6D1CF2-B7D0-4B32-928C-7743BD6E54EB}"
EndProject
Project("{FAE04EC0-301F-11D3-BF4B-00C04F79EFBC}") = "ToDoList.Common", "ToDoList.Common\ToDoList.Common.csproj", "{4BC27C26-CC47-4A18-94E9-F1FFCFCB2E5F}"
EndProject
Project("{FAE04EC0-301F-11D3-BF4B-00C04F79EFBC}") = "ToDoList.Server.SelfHostWebApi.Test", "ToDoList.SelfHostWebApiTest\ToDoList.Server.SelfHostWebApi.Test.csproj", "{6D5458B6-C1A4-4B71-85FF-2AC3EB3D9918}"
EndProject
Project("{FAE04EC0-301F-11D3-BF4B-00C04F79EFBC}") = "ToDoList.Server.Auth.ConsoleTestApp", "ToDoList.ConsoleTestApp\ToDoList.Server.Auth.ConsoleTestApp.csproj", "{638B283F-7B41-4549-BAF5-D87FEF81ED98}"
EndProject
Project("{FAE04EC0-301F-11D3-BF4B-00C04F79EFBC}") = "ToDoList.Data", "ToDoList.Data\ToDoList.Data.csproj", "{1BAFA97D-6509-40D2-9E91-169C86DF5B01}"
EndProject
Project("{FAE04EC0-301F-11D3-BF4B-00C04F79EFBC}") = "ToDoList.Data.EF", "ToDoList.Data.EF\ToDoList.Data.EF.csproj", "{3895F00C-70E4-4190-985D-9EF5698076B7}"
EndProject
Project("{FAE04EC0-301F-11D3-BF4B-00C04F79EFBC}") = "MultipleADFSDemo", "..\..\..\..\Projects\GitRepo\multiple-adfs-owin-katana\MultipleADFSDemo\MultipleADFSDemo.csproj", "{8450F70A-FBED-45BC-BF49-2F04DE4BF670}"
EndProject
Project("{FAE04EC0-301F-11D3-BF4B-00C04F79EFBC}") = "SampleCode.OwinMiddleware", "..\..\..\..\Projects\GitRepo\Owin_Midleware\OwinMiddleware\ScottBrady91.BlogExampleCode.OwinMiddleware\SampleCode.OwinMiddleware.csproj", "{59B79A61-DFD9-4FD5-B405-AFCFF4F88D85}"
EndProject
Project("{FAE04EC0-301F-11D3-BF4B-00C04F79EFBC}") = "ToDoList.Server.Contracts", "ToDoList.Server.Contracts\ToDoList.Server.Contracts.csproj", "{948DF2A8-59FA-44BF-8069-B8E06587AE81}"
EndProject
Project("{FAE04EC0-301F-11D3-BF4B-00C04F79EFBC}") = "ToDoList.Server.Bussines.Services", "ToDoList.Server.Bussines.Services\ToDoList.Server.Bussines.Services.csproj", "{C1333AF6-1F5A-488B-8E9C-06B88EE7D0B4}"
EndProject
Project("{FAE04EC0-301F-11D3-BF4B-00C04F79EFBC}") = "ToDoList.Client.UWA", "ToDoList.Client.UWA\ToDoList.Client.UWA.csproj", "{79780F74-ECB0-4776-BEE2-0AC324C55F67}"
EndProject
Global
	GlobalSection(SolutionConfigurationPlatforms) = preSolution
		Debug|Any CPU = Debug|Any CPU
		Debug|ARM = Debug|ARM
		Debug|x64 = Debug|x64
		Debug|x86 = Debug|x86
		Release|Any CPU = Release|Any CPU
		Release|ARM = Release|ARM
		Release|x64 = Release|x64
		Release|x86 = Release|x86
	EndGlobalSection
	GlobalSection(ProjectConfigurationPlatforms) = postSolution
		{047CDEF7-D5BA-4B1E-9748-910B610CCA51}.Debug|Any CPU.ActiveCfg = Debug|Any CPU
		{047CDEF7-D5BA-4B1E-9748-910B610CCA51}.Debug|Any CPU.Build.0 = Debug|Any CPU
		{047CDEF7-D5BA-4B1E-9748-910B610CCA51}.Debug|ARM.ActiveCfg = Debug|Any CPU
		{047CDEF7-D5BA-4B1E-9748-910B610CCA51}.Debug|ARM.Build.0 = Debug|Any CPU
		{047CDEF7-D5BA-4B1E-9748-910B610CCA51}.Debug|x64.ActiveCfg = Debug|Any CPU
		{047CDEF7-D5BA-4B1E-9748-910B610CCA51}.Debug|x64.Build.0 = Debug|Any CPU
		{047CDEF7-D5BA-4B1E-9748-910B610CCA51}.Debug|x86.ActiveCfg = Debug|Any CPU
		{047CDEF7-D5BA-4B1E-9748-910B610CCA51}.Debug|x86.Build.0 = Debug|Any CPU
		{047CDEF7-D5BA-4B1E-9748-910B610CCA51}.Release|Any CPU.ActiveCfg = Release|Any CPU
		{047CDEF7-D5BA-4B1E-9748-910B610CCA51}.Release|Any CPU.Build.0 = Release|Any CPU
		{047CDEF7-D5BA-4B1E-9748-910B610CCA51}.Release|ARM.ActiveCfg = Release|Any CPU
		{047CDEF7-D5BA-4B1E-9748-910B610CCA51}.Release|ARM.Build.0 = Release|Any CPU
		{047CDEF7-D5BA-4B1E-9748-910B610CCA51}.Release|x64.ActiveCfg = Release|Any CPU
		{047CDEF7-D5BA-4B1E-9748-910B610CCA51}.Release|x64.Build.0 = Release|Any CPU
		{047CDEF7-D5BA-4B1E-9748-910B610CCA51}.Release|x86.ActiveCfg = Release|Any CPU
		{047CDEF7-D5BA-4B1E-9748-910B610CCA51}.Release|x86.Build.0 = Release|Any CPU
		{A5136583-54BF-4AD5-B7C6-2C7AE6D202B3}.Debug|Any CPU.ActiveCfg = Debug|Any CPU
		{A5136583-54BF-4AD5-B7C6-2C7AE6D202B3}.Debug|Any CPU.Build.0 = Debug|Any CPU
		{A5136583-54BF-4AD5-B7C6-2C7AE6D202B3}.Debug|ARM.ActiveCfg = Debug|Any CPU
		{A5136583-54BF-4AD5-B7C6-2C7AE6D202B3}.Debug|ARM.Build.0 = Debug|Any CPU
		{A5136583-54BF-4AD5-B7C6-2C7AE6D202B3}.Debug|x64.ActiveCfg = Debug|Any CPU
		{A5136583-54BF-4AD5-B7C6-2C7AE6D202B3}.Debug|x64.Build.0 = Debug|Any CPU
		{A5136583-54BF-4AD5-B7C6-2C7AE6D202B3}.Debug|x86.ActiveCfg = Debug|Any CPU
		{A5136583-54BF-4AD5-B7C6-2C7AE6D202B3}.Debug|x86.Build.0 = Debug|Any CPU
		{A5136583-54BF-4AD5-B7C6-2C7AE6D202B3}.Release|Any CPU.ActiveCfg = Release|Any CPU
		{A5136583-54BF-4AD5-B7C6-2C7AE6D202B3}.Release|Any CPU.Build.0 = Release|Any CPU
		{A5136583-54BF-4AD5-B7C6-2C7AE6D202B3}.Release|ARM.ActiveCfg = Release|Any CPU
		{A5136583-54BF-4AD5-B7C6-2C7AE6D202B3}.Release|ARM.Build.0 = Release|Any CPU
		{A5136583-54BF-4AD5-B7C6-2C7AE6D202B3}.Release|x64.ActiveCfg = Release|Any CPU
		{A5136583-54BF-4AD5-B7C6-2C7AE6D202B3}.Release|x64.Build.0 = Release|Any CPU
		{A5136583-54BF-4AD5-B7C6-2C7AE6D202B3}.Release|x86.ActiveCfg = Release|Any CPU
		{A5136583-54BF-4AD5-B7C6-2C7AE6D202B3}.Release|x86.Build.0 = Release|Any CPU
		{40E2774A-DF1E-4E3B-ABE0-88B7DD4B01E2}.Debug|Any CPU.ActiveCfg = Debug|Any CPU
		{40E2774A-DF1E-4E3B-ABE0-88B7DD4B01E2}.Debug|Any CPU.Build.0 = Debug|Any CPU
		{40E2774A-DF1E-4E3B-ABE0-88B7DD4B01E2}.Debug|ARM.ActiveCfg = Debug|Any CPU
		{40E2774A-DF1E-4E3B-ABE0-88B7DD4B01E2}.Debug|ARM.Build.0 = Debug|Any CPU
		{40E2774A-DF1E-4E3B-ABE0-88B7DD4B01E2}.Debug|x64.ActiveCfg = Debug|Any CPU
		{40E2774A-DF1E-4E3B-ABE0-88B7DD4B01E2}.Debug|x64.Build.0 = Debug|Any CPU
		{40E2774A-DF1E-4E3B-ABE0-88B7DD4B01E2}.Debug|x86.ActiveCfg = Debug|Any CPU
		{40E2774A-DF1E-4E3B-ABE0-88B7DD4B01E2}.Debug|x86.Build.0 = Debug|Any CPU
		{40E2774A-DF1E-4E3B-ABE0-88B7DD4B01E2}.Release|Any CPU.ActiveCfg = Release|Any CPU
		{40E2774A-DF1E-4E3B-ABE0-88B7DD4B01E2}.Release|Any CPU.Build.0 = Release|Any CPU
		{40E2774A-DF1E-4E3B-ABE0-88B7DD4B01E2}.Release|ARM.ActiveCfg = Release|Any CPU
		{40E2774A-DF1E-4E3B-ABE0-88B7DD4B01E2}.Release|ARM.Build.0 = Release|Any CPU
		{40E2774A-DF1E-4E3B-ABE0-88B7DD4B01E2}.Release|x64.ActiveCfg = Release|Any CPU
		{40E2774A-DF1E-4E3B-ABE0-88B7DD4B01E2}.Release|x64.Build.0 = Release|Any CPU
		{40E2774A-DF1E-4E3B-ABE0-88B7DD4B01E2}.Release|x86.ActiveCfg = Release|Any CPU
		{40E2774A-DF1E-4E3B-ABE0-88B7DD4B01E2}.Release|x86.Build.0 = Release|Any CPU
		{CD04622F-F634-45AB-AC02-41EB528C156A}.Debug|Any CPU.ActiveCfg = Debug|Any CPU
		{CD04622F-F634-45AB-AC02-41EB528C156A}.Debug|Any CPU.Build.0 = Debug|Any CPU
		{CD04622F-F634-45AB-AC02-41EB528C156A}.Debug|ARM.ActiveCfg = Debug|Any CPU
		{CD04622F-F634-45AB-AC02-41EB528C156A}.Debug|ARM.Build.0 = Debug|Any CPU
		{CD04622F-F634-45AB-AC02-41EB528C156A}.Debug|x64.ActiveCfg = Debug|Any CPU
		{CD04622F-F634-45AB-AC02-41EB528C156A}.Debug|x64.Build.0 = Debug|Any CPU
		{CD04622F-F634-45AB-AC02-41EB528C156A}.Debug|x86.ActiveCfg = Debug|Any CPU
		{CD04622F-F634-45AB-AC02-41EB528C156A}.Debug|x86.Build.0 = Debug|Any CPU
		{CD04622F-F634-45AB-AC02-41EB528C156A}.Release|Any CPU.ActiveCfg = Release|Any CPU
		{CD04622F-F634-45AB-AC02-41EB528C156A}.Release|Any CPU.Build.0 = Release|Any CPU
		{CD04622F-F634-45AB-AC02-41EB528C156A}.Release|ARM.ActiveCfg = Release|Any CPU
		{CD04622F-F634-45AB-AC02-41EB528C156A}.Release|ARM.Build.0 = Release|Any CPU
		{CD04622F-F634-45AB-AC02-41EB528C156A}.Release|x64.ActiveCfg = Release|Any CPU
		{CD04622F-F634-45AB-AC02-41EB528C156A}.Release|x64.Build.0 = Release|Any CPU
		{CD04622F-F634-45AB-AC02-41EB528C156A}.Release|x86.ActiveCfg = Release|Any CPU
		{CD04622F-F634-45AB-AC02-41EB528C156A}.Release|x86.Build.0 = Release|Any CPU
		{43A0323D-9FA3-4A96-95EE-9EA485C44140}.Debug|Any CPU.ActiveCfg = Debug|Any CPU
		{43A0323D-9FA3-4A96-95EE-9EA485C44140}.Debug|Any CPU.Build.0 = Debug|Any CPU
		{43A0323D-9FA3-4A96-95EE-9EA485C44140}.Debug|ARM.ActiveCfg = Debug|Any CPU
		{43A0323D-9FA3-4A96-95EE-9EA485C44140}.Debug|ARM.Build.0 = Debug|Any CPU
		{43A0323D-9FA3-4A96-95EE-9EA485C44140}.Debug|x64.ActiveCfg = Debug|Any CPU
		{43A0323D-9FA3-4A96-95EE-9EA485C44140}.Debug|x64.Build.0 = Debug|Any CPU
		{43A0323D-9FA3-4A96-95EE-9EA485C44140}.Debug|x86.ActiveCfg = Debug|Any CPU
		{43A0323D-9FA3-4A96-95EE-9EA485C44140}.Debug|x86.Build.0 = Debug|Any CPU
		{43A0323D-9FA3-4A96-95EE-9EA485C44140}.Release|Any CPU.ActiveCfg = Release|Any CPU
		{43A0323D-9FA3-4A96-95EE-9EA485C44140}.Release|Any CPU.Build.0 = Release|Any CPU
		{43A0323D-9FA3-4A96-95EE-9EA485C44140}.Release|ARM.ActiveCfg = Release|Any CPU
		{43A0323D-9FA3-4A96-95EE-9EA485C44140}.Release|ARM.Build.0 = Release|Any CPU
		{43A0323D-9FA3-4A96-95EE-9EA485C44140}.Release|x64.ActiveCfg = Release|Any CPU
		{43A0323D-9FA3-4A96-95EE-9EA485C44140}.Release|x64.Build.0 = Release|Any CPU
		{43A0323D-9FA3-4A96-95EE-9EA485C44140}.Release|x86.ActiveCfg = Release|Any CPU
		{43A0323D-9FA3-4A96-95EE-9EA485C44140}.Release|x86.Build.0 = Release|Any CPU
		{4B2ECDC1-DF29-4323-856A-10F0B02ACF1C}.Debug|Any CPU.ActiveCfg = Debug|Any CPU
		{4B2ECDC1-DF29-4323-856A-10F0B02ACF1C}.Debug|Any CPU.Build.0 = Debug|Any CPU
		{4B2ECDC1-DF29-4323-856A-10F0B02ACF1C}.Debug|ARM.ActiveCfg = Debug|Any CPU
		{4B2ECDC1-DF29-4323-856A-10F0B02ACF1C}.Debug|ARM.Build.0 = Debug|Any CPU
		{4B2ECDC1-DF29-4323-856A-10F0B02ACF1C}.Debug|x64.ActiveCfg = Debug|Any CPU
		{4B2ECDC1-DF29-4323-856A-10F0B02ACF1C}.Debug|x64.Build.0 = Debug|Any CPU
		{4B2ECDC1-DF29-4323-856A-10F0B02ACF1C}.Debug|x86.ActiveCfg = Debug|Any CPU
		{4B2ECDC1-DF29-4323-856A-10F0B02ACF1C}.Debug|x86.Build.0 = Debug|Any CPU
		{4B2ECDC1-DF29-4323-856A-10F0B02ACF1C}.Release|Any CPU.ActiveCfg = Release|Any CPU
		{4B2ECDC1-DF29-4323-856A-10F0B02ACF1C}.Release|Any CPU.Build.0 = Release|Any CPU
		{4B2ECDC1-DF29-4323-856A-10F0B02ACF1C}.Release|ARM.ActiveCfg = Release|Any CPU
		{4B2ECDC1-DF29-4323-856A-10F0B02ACF1C}.Release|ARM.Build.0 = Release|Any CPU
		{4B2ECDC1-DF29-4323-856A-10F0B02ACF1C}.Release|x64.ActiveCfg = Release|Any CPU
		{4B2ECDC1-DF29-4323-856A-10F0B02ACF1C}.Release|x64.Build.0 = Release|Any CPU
		{4B2ECDC1-DF29-4323-856A-10F0B02ACF1C}.Release|x86.ActiveCfg = Release|Any CPU
		{4B2ECDC1-DF29-4323-856A-10F0B02ACF1C}.Release|x86.Build.0 = Release|Any CPU
		{9F436639-E108-4C8F-A992-9598DA9AE353}.Debug|Any CPU.ActiveCfg = Debug|Any CPU
		{9F436639-E108-4C8F-A992-9598DA9AE353}.Debug|Any CPU.Build.0 = Debug|Any CPU
		{9F436639-E108-4C8F-A992-9598DA9AE353}.Debug|ARM.ActiveCfg = Debug|Any CPU
		{9F436639-E108-4C8F-A992-9598DA9AE353}.Debug|ARM.Build.0 = Debug|Any CPU
		{9F436639-E108-4C8F-A992-9598DA9AE353}.Debug|x64.ActiveCfg = Debug|Any CPU
		{9F436639-E108-4C8F-A992-9598DA9AE353}.Debug|x64.Build.0 = Debug|Any CPU
		{9F436639-E108-4C8F-A992-9598DA9AE353}.Debug|x86.ActiveCfg = Debug|Any CPU
		{9F436639-E108-4C8F-A992-9598DA9AE353}.Debug|x86.Build.0 = Debug|Any CPU
		{9F436639-E108-4C8F-A992-9598DA9AE353}.Release|Any CPU.ActiveCfg = Release|Any CPU
		{9F436639-E108-4C8F-A992-9598DA9AE353}.Release|Any CPU.Build.0 = Release|Any CPU
		{9F436639-E108-4C8F-A992-9598DA9AE353}.Release|ARM.ActiveCfg = Release|Any CPU
		{9F436639-E108-4C8F-A992-9598DA9AE353}.Release|ARM.Build.0 = Release|Any CPU
		{9F436639-E108-4C8F-A992-9598DA9AE353}.Release|x64.ActiveCfg = Release|Any CPU
		{9F436639-E108-4C8F-A992-9598DA9AE353}.Release|x64.Build.0 = Release|Any CPU
		{9F436639-E108-4C8F-A992-9598DA9AE353}.Release|x86.ActiveCfg = Release|Any CPU
		{9F436639-E108-4C8F-A992-9598DA9AE353}.Release|x86.Build.0 = Release|Any CPU
		{2C6D1CF2-B7D0-4B32-928C-7743BD6E54EB}.Debug|Any CPU.ActiveCfg = Debug|Any CPU
		{2C6D1CF2-B7D0-4B32-928C-7743BD6E54EB}.Debug|Any CPU.Build.0 = Debug|Any CPU
		{2C6D1CF2-B7D0-4B32-928C-7743BD6E54EB}.Debug|ARM.ActiveCfg = Debug|Any CPU
		{2C6D1CF2-B7D0-4B32-928C-7743BD6E54EB}.Debug|ARM.Build.0 = Debug|Any CPU
		{2C6D1CF2-B7D0-4B32-928C-7743BD6E54EB}.Debug|x64.ActiveCfg = Debug|Any CPU
		{2C6D1CF2-B7D0-4B32-928C-7743BD6E54EB}.Debug|x64.Build.0 = Debug|Any CPU
		{2C6D1CF2-B7D0-4B32-928C-7743BD6E54EB}.Debug|x86.ActiveCfg = Debug|Any CPU
		{2C6D1CF2-B7D0-4B32-928C-7743BD6E54EB}.Debug|x86.Build.0 = Debug|Any CPU
		{2C6D1CF2-B7D0-4B32-928C-7743BD6E54EB}.Release|Any CPU.ActiveCfg = Release|Any CPU
		{2C6D1CF2-B7D0-4B32-928C-7743BD6E54EB}.Release|Any CPU.Build.0 = Release|Any CPU
		{2C6D1CF2-B7D0-4B32-928C-7743BD6E54EB}.Release|ARM.ActiveCfg = Release|Any CPU
		{2C6D1CF2-B7D0-4B32-928C-7743BD6E54EB}.Release|ARM.Build.0 = Release|Any CPU
		{2C6D1CF2-B7D0-4B32-928C-7743BD6E54EB}.Release|x64.ActiveCfg = Release|Any CPU
		{2C6D1CF2-B7D0-4B32-928C-7743BD6E54EB}.Release|x64.Build.0 = Release|Any CPU
		{2C6D1CF2-B7D0-4B32-928C-7743BD6E54EB}.Release|x86.ActiveCfg = Release|Any CPU
		{2C6D1CF2-B7D0-4B32-928C-7743BD6E54EB}.Release|x86.Build.0 = Release|Any CPU
		{4BC27C26-CC47-4A18-94E9-F1FFCFCB2E5F}.Debug|Any CPU.ActiveCfg = Debug|Any CPU
		{4BC27C26-CC47-4A18-94E9-F1FFCFCB2E5F}.Debug|Any CPU.Build.0 = Debug|Any CPU
		{4BC27C26-CC47-4A18-94E9-F1FFCFCB2E5F}.Debug|ARM.ActiveCfg = Debug|Any CPU
		{4BC27C26-CC47-4A18-94E9-F1FFCFCB2E5F}.Debug|ARM.Build.0 = Debug|Any CPU
		{4BC27C26-CC47-4A18-94E9-F1FFCFCB2E5F}.Debug|x64.ActiveCfg = Debug|Any CPU
		{4BC27C26-CC47-4A18-94E9-F1FFCFCB2E5F}.Debug|x64.Build.0 = Debug|Any CPU
		{4BC27C26-CC47-4A18-94E9-F1FFCFCB2E5F}.Debug|x86.ActiveCfg = Debug|Any CPU
		{4BC27C26-CC47-4A18-94E9-F1FFCFCB2E5F}.Debug|x86.Build.0 = Debug|Any CPU
		{4BC27C26-CC47-4A18-94E9-F1FFCFCB2E5F}.Release|Any CPU.ActiveCfg = Release|Any CPU
		{4BC27C26-CC47-4A18-94E9-F1FFCFCB2E5F}.Release|Any CPU.Build.0 = Release|Any CPU
		{4BC27C26-CC47-4A18-94E9-F1FFCFCB2E5F}.Release|ARM.ActiveCfg = Release|Any CPU
		{4BC27C26-CC47-4A18-94E9-F1FFCFCB2E5F}.Release|ARM.Build.0 = Release|Any CPU
		{4BC27C26-CC47-4A18-94E9-F1FFCFCB2E5F}.Release|x64.ActiveCfg = Release|Any CPU
		{4BC27C26-CC47-4A18-94E9-F1FFCFCB2E5F}.Release|x64.Build.0 = Release|Any CPU
		{4BC27C26-CC47-4A18-94E9-F1FFCFCB2E5F}.Release|x86.ActiveCfg = Release|Any CPU
		{4BC27C26-CC47-4A18-94E9-F1FFCFCB2E5F}.Release|x86.Build.0 = Release|Any CPU
		{6D5458B6-C1A4-4B71-85FF-2AC3EB3D9918}.Debug|Any CPU.ActiveCfg = Debug|Any CPU
		{6D5458B6-C1A4-4B71-85FF-2AC3EB3D9918}.Debug|Any CPU.Build.0 = Debug|Any CPU
		{6D5458B6-C1A4-4B71-85FF-2AC3EB3D9918}.Debug|ARM.ActiveCfg = Debug|Any CPU
		{6D5458B6-C1A4-4B71-85FF-2AC3EB3D9918}.Debug|ARM.Build.0 = Debug|Any CPU
		{6D5458B6-C1A4-4B71-85FF-2AC3EB3D9918}.Debug|x64.ActiveCfg = Debug|Any CPU
		{6D5458B6-C1A4-4B71-85FF-2AC3EB3D9918}.Debug|x64.Build.0 = Debug|Any CPU
		{6D5458B6-C1A4-4B71-85FF-2AC3EB3D9918}.Debug|x86.ActiveCfg = Debug|Any CPU
		{6D5458B6-C1A4-4B71-85FF-2AC3EB3D9918}.Debug|x86.Build.0 = Debug|Any CPU
		{6D5458B6-C1A4-4B71-85FF-2AC3EB3D9918}.Release|Any CPU.ActiveCfg = Release|Any CPU
		{6D5458B6-C1A4-4B71-85FF-2AC3EB3D9918}.Release|Any CPU.Build.0 = Release|Any CPU
		{6D5458B6-C1A4-4B71-85FF-2AC3EB3D9918}.Release|ARM.ActiveCfg = Release|Any CPU
		{6D5458B6-C1A4-4B71-85FF-2AC3EB3D9918}.Release|ARM.Build.0 = Release|Any CPU
		{6D5458B6-C1A4-4B71-85FF-2AC3EB3D9918}.Release|x64.ActiveCfg = Release|Any CPU
		{6D5458B6-C1A4-4B71-85FF-2AC3EB3D9918}.Release|x64.Build.0 = Release|Any CPU
		{6D5458B6-C1A4-4B71-85FF-2AC3EB3D9918}.Release|x86.ActiveCfg = Release|Any CPU
		{6D5458B6-C1A4-4B71-85FF-2AC3EB3D9918}.Release|x86.Build.0 = Release|Any CPU
		{638B283F-7B41-4549-BAF5-D87FEF81ED98}.Debug|Any CPU.ActiveCfg = Debug|Any CPU
		{638B283F-7B41-4549-BAF5-D87FEF81ED98}.Debug|Any CPU.Build.0 = Debug|Any CPU
		{638B283F-7B41-4549-BAF5-D87FEF81ED98}.Debug|ARM.ActiveCfg = Debug|Any CPU
		{638B283F-7B41-4549-BAF5-D87FEF81ED98}.Debug|ARM.Build.0 = Debug|Any CPU
		{638B283F-7B41-4549-BAF5-D87FEF81ED98}.Debug|x64.ActiveCfg = Debug|Any CPU
		{638B283F-7B41-4549-BAF5-D87FEF81ED98}.Debug|x64.Build.0 = Debug|Any CPU
		{638B283F-7B41-4549-BAF5-D87FEF81ED98}.Debug|x86.ActiveCfg = Debug|Any CPU
		{638B283F-7B41-4549-BAF5-D87FEF81ED98}.Debug|x86.Build.0 = Debug|Any CPU
		{638B283F-7B41-4549-BAF5-D87FEF81ED98}.Release|Any CPU.ActiveCfg = Release|Any CPU
		{638B283F-7B41-4549-BAF5-D87FEF81ED98}.Release|Any CPU.Build.0 = Release|Any CPU
		{638B283F-7B41-4549-BAF5-D87FEF81ED98}.Release|ARM.ActiveCfg = Release|Any CPU
		{638B283F-7B41-4549-BAF5-D87FEF81ED98}.Release|ARM.Build.0 = Release|Any CPU
		{638B283F-7B41-4549-BAF5-D87FEF81ED98}.Release|x64.ActiveCfg = Release|Any CPU
		{638B283F-7B41-4549-BAF5-D87FEF81ED98}.Release|x64.Build.0 = Release|Any CPU
		{638B283F-7B41-4549-BAF5-D87FEF81ED98}.Release|x86.ActiveCfg = Release|Any CPU
		{638B283F-7B41-4549-BAF5-D87FEF81ED98}.Release|x86.Build.0 = Release|Any CPU
		{1BAFA97D-6509-40D2-9E91-169C86DF5B01}.Debug|Any CPU.ActiveCfg = Debug|Any CPU
		{1BAFA97D-6509-40D2-9E91-169C86DF5B01}.Debug|Any CPU.Build.0 = Debug|Any CPU
		{1BAFA97D-6509-40D2-9E91-169C86DF5B01}.Debug|ARM.ActiveCfg = Debug|Any CPU
		{1BAFA97D-6509-40D2-9E91-169C86DF5B01}.Debug|ARM.Build.0 = Debug|Any CPU
		{1BAFA97D-6509-40D2-9E91-169C86DF5B01}.Debug|x64.ActiveCfg = Debug|Any CPU
		{1BAFA97D-6509-40D2-9E91-169C86DF5B01}.Debug|x64.Build.0 = Debug|Any CPU
		{1BAFA97D-6509-40D2-9E91-169C86DF5B01}.Debug|x86.ActiveCfg = Debug|Any CPU
		{1BAFA97D-6509-40D2-9E91-169C86DF5B01}.Debug|x86.Build.0 = Debug|Any CPU
		{1BAFA97D-6509-40D2-9E91-169C86DF5B01}.Release|Any CPU.ActiveCfg = Release|Any CPU
		{1BAFA97D-6509-40D2-9E91-169C86DF5B01}.Release|Any CPU.Build.0 = Release|Any CPU
		{1BAFA97D-6509-40D2-9E91-169C86DF5B01}.Release|ARM.ActiveCfg = Release|Any CPU
		{1BAFA97D-6509-40D2-9E91-169C86DF5B01}.Release|ARM.Build.0 = Release|Any CPU
		{1BAFA97D-6509-40D2-9E91-169C86DF5B01}.Release|x64.ActiveCfg = Release|Any CPU
		{1BAFA97D-6509-40D2-9E91-169C86DF5B01}.Release|x64.Build.0 = Release|Any CPU
		{1BAFA97D-6509-40D2-9E91-169C86DF5B01}.Release|x86.ActiveCfg = Release|Any CPU
		{1BAFA97D-6509-40D2-9E91-169C86DF5B01}.Release|x86.Build.0 = Release|Any CPU
		{3895F00C-70E4-4190-985D-9EF5698076B7}.Debug|Any CPU.ActiveCfg = Debug|Any CPU
		{3895F00C-70E4-4190-985D-9EF5698076B7}.Debug|Any CPU.Build.0 = Debug|Any CPU
		{3895F00C-70E4-4190-985D-9EF5698076B7}.Debug|ARM.ActiveCfg = Debug|Any CPU
		{3895F00C-70E4-4190-985D-9EF5698076B7}.Debug|ARM.Build.0 = Debug|Any CPU
		{3895F00C-70E4-4190-985D-9EF5698076B7}.Debug|x64.ActiveCfg = Debug|Any CPU
		{3895F00C-70E4-4190-985D-9EF5698076B7}.Debug|x64.Build.0 = Debug|Any CPU
		{3895F00C-70E4-4190-985D-9EF5698076B7}.Debug|x86.ActiveCfg = Debug|Any CPU
		{3895F00C-70E4-4190-985D-9EF5698076B7}.Debug|x86.Build.0 = Debug|Any CPU
		{3895F00C-70E4-4190-985D-9EF5698076B7}.Release|Any CPU.ActiveCfg = Release|Any CPU
		{3895F00C-70E4-4190-985D-9EF5698076B7}.Release|Any CPU.Build.0 = Release|Any CPU
		{3895F00C-70E4-4190-985D-9EF5698076B7}.Release|ARM.ActiveCfg = Release|Any CPU
		{3895F00C-70E4-4190-985D-9EF5698076B7}.Release|ARM.Build.0 = Release|Any CPU
		{3895F00C-70E4-4190-985D-9EF5698076B7}.Release|x64.ActiveCfg = Release|Any CPU
		{3895F00C-70E4-4190-985D-9EF5698076B7}.Release|x64.Build.0 = Release|Any CPU
		{3895F00C-70E4-4190-985D-9EF5698076B7}.Release|x86.ActiveCfg = Release|Any CPU
		{3895F00C-70E4-4190-985D-9EF5698076B7}.Release|x86.Build.0 = Release|Any CPU
		{8450F70A-FBED-45BC-BF49-2F04DE4BF670}.Debug|Any CPU.ActiveCfg = Debug|Any CPU
		{8450F70A-FBED-45BC-BF49-2F04DE4BF670}.Debug|Any CPU.Build.0 = Debug|Any CPU
		{8450F70A-FBED-45BC-BF49-2F04DE4BF670}.Debug|ARM.ActiveCfg = Debug|Any CPU
		{8450F70A-FBED-45BC-BF49-2F04DE4BF670}.Debug|ARM.Build.0 = Debug|Any CPU
		{8450F70A-FBED-45BC-BF49-2F04DE4BF670}.Debug|x64.ActiveCfg = Debug|Any CPU
		{8450F70A-FBED-45BC-BF49-2F04DE4BF670}.Debug|x64.Build.0 = Debug|Any CPU
		{8450F70A-FBED-45BC-BF49-2F04DE4BF670}.Debug|x86.ActiveCfg = Debug|Any CPU
		{8450F70A-FBED-45BC-BF49-2F04DE4BF670}.Debug|x86.Build.0 = Debug|Any CPU
		{8450F70A-FBED-45BC-BF49-2F04DE4BF670}.Release|Any CPU.ActiveCfg = Release|Any CPU
		{8450F70A-FBED-45BC-BF49-2F04DE4BF670}.Release|Any CPU.Build.0 = Release|Any CPU
		{8450F70A-FBED-45BC-BF49-2F04DE4BF670}.Release|ARM.ActiveCfg = Release|Any CPU
		{8450F70A-FBED-45BC-BF49-2F04DE4BF670}.Release|ARM.Build.0 = Release|Any CPU
		{8450F70A-FBED-45BC-BF49-2F04DE4BF670}.Release|x64.ActiveCfg = Release|Any CPU
		{8450F70A-FBED-45BC-BF49-2F04DE4BF670}.Release|x64.Build.0 = Release|Any CPU
		{8450F70A-FBED-45BC-BF49-2F04DE4BF670}.Release|x86.ActiveCfg = Release|Any CPU
		{8450F70A-FBED-45BC-BF49-2F04DE4BF670}.Release|x86.Build.0 = Release|Any CPU
		{59B79A61-DFD9-4FD5-B405-AFCFF4F88D85}.Debug|Any CPU.ActiveCfg = Debug|Any CPU
		{59B79A61-DFD9-4FD5-B405-AFCFF4F88D85}.Debug|Any CPU.Build.0 = Debug|Any CPU
		{59B79A61-DFD9-4FD5-B405-AFCFF4F88D85}.Debug|ARM.ActiveCfg = Debug|Any CPU
		{59B79A61-DFD9-4FD5-B405-AFCFF4F88D85}.Debug|ARM.Build.0 = Debug|Any CPU
		{59B79A61-DFD9-4FD5-B405-AFCFF4F88D85}.Debug|x64.ActiveCfg = Debug|Any CPU
		{59B79A61-DFD9-4FD5-B405-AFCFF4F88D85}.Debug|x64.Build.0 = Debug|Any CPU
		{59B79A61-DFD9-4FD5-B405-AFCFF4F88D85}.Debug|x86.ActiveCfg = Debug|Any CPU
		{59B79A61-DFD9-4FD5-B405-AFCFF4F88D85}.Debug|x86.Build.0 = Debug|Any CPU
		{59B79A61-DFD9-4FD5-B405-AFCFF4F88D85}.Release|Any CPU.ActiveCfg = Release|Any CPU
		{59B79A61-DFD9-4FD5-B405-AFCFF4F88D85}.Release|Any CPU.Build.0 = Release|Any CPU
		{59B79A61-DFD9-4FD5-B405-AFCFF4F88D85}.Release|ARM.ActiveCfg = Release|Any CPU
		{59B79A61-DFD9-4FD5-B405-AFCFF4F88D85}.Release|ARM.Build.0 = Release|Any CPU
		{59B79A61-DFD9-4FD5-B405-AFCFF4F88D85}.Release|x64.ActiveCfg = Release|Any CPU
		{59B79A61-DFD9-4FD5-B405-AFCFF4F88D85}.Release|x64.Build.0 = Release|Any CPU
		{59B79A61-DFD9-4FD5-B405-AFCFF4F88D85}.Release|x86.ActiveCfg = Release|Any CPU
		{59B79A61-DFD9-4FD5-B405-AFCFF4F88D85}.Release|x86.Build.0 = Release|Any CPU
		{948DF2A8-59FA-44BF-8069-B8E06587AE81}.Debug|Any CPU.ActiveCfg = Debug|Any CPU
		{948DF2A8-59FA-44BF-8069-B8E06587AE81}.Debug|Any CPU.Build.0 = Debug|Any CPU
		{948DF2A8-59FA-44BF-8069-B8E06587AE81}.Debug|ARM.ActiveCfg = Debug|Any CPU
		{948DF2A8-59FA-44BF-8069-B8E06587AE81}.Debug|ARM.Build.0 = Debug|Any CPU
		{948DF2A8-59FA-44BF-8069-B8E06587AE81}.Debug|x64.ActiveCfg = Debug|Any CPU
		{948DF2A8-59FA-44BF-8069-B8E06587AE81}.Debug|x64.Build.0 = Debug|Any CPU
		{948DF2A8-59FA-44BF-8069-B8E06587AE81}.Debug|x86.ActiveCfg = Debug|Any CPU
		{948DF2A8-59FA-44BF-8069-B8E06587AE81}.Debug|x86.Build.0 = Debug|Any CPU
		{948DF2A8-59FA-44BF-8069-B8E06587AE81}.Release|Any CPU.ActiveCfg = Release|Any CPU
		{948DF2A8-59FA-44BF-8069-B8E06587AE81}.Release|Any CPU.Build.0 = Release|Any CPU
		{948DF2A8-59FA-44BF-8069-B8E06587AE81}.Release|ARM.ActiveCfg = Release|Any CPU
		{948DF2A8-59FA-44BF-8069-B8E06587AE81}.Release|ARM.Build.0 = Release|Any CPU
		{948DF2A8-59FA-44BF-8069-B8E06587AE81}.Release|x64.ActiveCfg = Release|Any CPU
		{948DF2A8-59FA-44BF-8069-B8E06587AE81}.Release|x64.Build.0 = Release|Any CPU
		{948DF2A8-59FA-44BF-8069-B8E06587AE81}.Release|x86.ActiveCfg = Release|Any CPU
		{948DF2A8-59FA-44BF-8069-B8E06587AE81}.Release|x86.Build.0 = Release|Any CPU
		{C1333AF6-1F5A-488B-8E9C-06B88EE7D0B4}.Debug|Any CPU.ActiveCfg = Debug|Any CPU
		{C1333AF6-1F5A-488B-8E9C-06B88EE7D0B4}.Debug|Any CPU.Build.0 = Debug|Any CPU
		{C1333AF6-1F5A-488B-8E9C-06B88EE7D0B4}.Debug|ARM.ActiveCfg = Debug|Any CPU
		{C1333AF6-1F5A-488B-8E9C-06B88EE7D0B4}.Debug|ARM.Build.0 = Debug|Any CPU
		{C1333AF6-1F5A-488B-8E9C-06B88EE7D0B4}.Debug|x64.ActiveCfg = Debug|Any CPU
		{C1333AF6-1F5A-488B-8E9C-06B88EE7D0B4}.Debug|x64.Build.0 = Debug|Any CPU
		{C1333AF6-1F5A-488B-8E9C-06B88EE7D0B4}.Debug|x86.ActiveCfg = Debug|Any CPU
		{C1333AF6-1F5A-488B-8E9C-06B88EE7D0B4}.Debug|x86.Build.0 = Debug|Any CPU
		{C1333AF6-1F5A-488B-8E9C-06B88EE7D0B4}.Release|Any CPU.ActiveCfg = Release|Any CPU
		{C1333AF6-1F5A-488B-8E9C-06B88EE7D0B4}.Release|Any CPU.Build.0 = Release|Any CPU
		{C1333AF6-1F5A-488B-8E9C-06B88EE7D0B4}.Release|ARM.ActiveCfg = Release|Any CPU
		{C1333AF6-1F5A-488B-8E9C-06B88EE7D0B4}.Release|ARM.Build.0 = Release|Any CPU
		{C1333AF6-1F5A-488B-8E9C-06B88EE7D0B4}.Release|x64.ActiveCfg = Release|Any CPU
		{C1333AF6-1F5A-488B-8E9C-06B88EE7D0B4}.Release|x64.Build.0 = Release|Any CPU
		{C1333AF6-1F5A-488B-8E9C-06B88EE7D0B4}.Release|x86.ActiveCfg = Release|Any CPU
		{C1333AF6-1F5A-488B-8E9C-06B88EE7D0B4}.Release|x86.Build.0 = Release|Any CPU
		{79780F74-ECB0-4776-BEE2-0AC324C55F67}.Debug|Any CPU.ActiveCfg = Debug|x86
		{79780F74-ECB0-4776-BEE2-0AC324C55F67}.Debug|ARM.ActiveCfg = Debug|ARM
		{79780F74-ECB0-4776-BEE2-0AC324C55F67}.Debug|ARM.Build.0 = Debug|ARM
		{79780F74-ECB0-4776-BEE2-0AC324C55F67}.Debug|ARM.Deploy.0 = Debug|ARM
		{79780F74-ECB0-4776-BEE2-0AC324C55F67}.Debug|x64.ActiveCfg = Debug|x64
		{79780F74-ECB0-4776-BEE2-0AC324C55F67}.Debug|x64.Build.0 = Debug|x64
		{79780F74-ECB0-4776-BEE2-0AC324C55F67}.Debug|x64.Deploy.0 = Debug|x64
		{79780F74-ECB0-4776-BEE2-0AC324C55F67}.Debug|x86.ActiveCfg = Debug|x86
		{79780F74-ECB0-4776-BEE2-0AC324C55F67}.Debug|x86.Build.0 = Debug|x86
		{79780F74-ECB0-4776-BEE2-0AC324C55F67}.Debug|x86.Deploy.0 = Debug|x86
		{79780F74-ECB0-4776-BEE2-0AC324C55F67}.Release|Any CPU.ActiveCfg = Release|x86
		{79780F74-ECB0-4776-BEE2-0AC324C55F67}.Release|ARM.ActiveCfg = Release|ARM
		{79780F74-ECB0-4776-BEE2-0AC324C55F67}.Release|ARM.Build.0 = Release|ARM
		{79780F74-ECB0-4776-BEE2-0AC324C55F67}.Release|ARM.Deploy.0 = Release|ARM
		{79780F74-ECB0-4776-BEE2-0AC324C55F67}.Release|x64.ActiveCfg = Release|x64
		{79780F74-ECB0-4776-BEE2-0AC324C55F67}.Release|x64.Build.0 = Release|x64
		{79780F74-ECB0-4776-BEE2-0AC324C55F67}.Release|x64.Deploy.0 = Release|x64
		{79780F74-ECB0-4776-BEE2-0AC324C55F67}.Release|x86.ActiveCfg = Release|x86
		{79780F74-ECB0-4776-BEE2-0AC324C55F67}.Release|x86.Build.0 = Release|x86
		{79780F74-ECB0-4776-BEE2-0AC324C55F67}.Release|x86.Deploy.0 = Release|x86
	EndGlobalSection
	GlobalSection(SolutionProperties) = preSolution
		HideSolutionNode = FALSE
	EndGlobalSection
EndGlobal
